
Microsoft Visual Studio Solution File, Format Version 12.00
Project("{2150E333-8FDC-42A3-9474-1A3956D46DE8}") = "src", "src", "{8435AAC6-2E97-4030-A768-4FB04A8A618C}"
EndProject
Project("{FAE04EC0-301F-11D3-BF4B-00C04F79EFBC}") = "Mapping.Console", "Mapping.Console\Mapping.Console.csproj", "{AD1AD0D1-6E65-4967-9551-1491C0AAFC6C}"
EndProject
Global
	GlobalSection(SolutionConfigurationPlatforms) = preSolution
		Debug|Any CPU = Debug|Any CPU
		Release|Any CPU = Release|Any CPU
	EndGlobalSection
	GlobalSection(NestedProjects) = preSolution
		{AD1AD0D1-6E65-4967-9551-1491C0AAFC6C} = {8435AAC6-2E97-4030-A768-4FB04A8A618C}
	EndGlobalSection
	GlobalSection(ProjectConfigurationPlatforms) = postSolution
		{AD1AD0D1-6E65-4967-9551-1491C0AAFC6C}.Debug|Any CPU.ActiveCfg = Debug|Any CPU
		{AD1AD0D1-6E65-4967-9551-1491C0AAFC6C}.Debug|Any CPU.Build.0 = Debug|Any CPU
		{AD1AD0D1-6E65-4967-9551-1491C0AAFC6C}.Release|Any CPU.ActiveCfg = Release|Any CPU
		{AD1AD0D1-6E65-4967-9551-1491C0AAFC6C}.Release|Any CPU.Build.0 = Release|Any CPU
	EndGlobalSection
EndGlobal
